
Microsoft Visual Studio Solution File, Format Version 12.00
# Visual Studio Version 17
VisualStudioVersion = 17.3.32825.248
MinimumVisualStudioVersion = 10.0.40219.1
Project("{FAE04EC0-301F-11D3-BF4B-00C04F79EFBC}") = "Product", "Product\Product.csproj", "{45B9F9D9-AB0E-4093-A4B5-BD4A640DDB1C}"
EndProject
Global
	GlobalSection(SolutionConfigurationPlatforms) = preSolution
		Debug|Any CPU = Debug|Any CPU
		Release|Any CPU = Release|Any CPU
	EndGlobalSection
	GlobalSection(ProjectConfigurationPlatforms) = postSolution
		{45B9F9D9-AB0E-4093-A4B5-BD4A640DDB1C}.Debug|Any CPU.ActiveCfg = Debug|Any CPU
		{45B9F9D9-AB0E-4093-A4B5-BD4A640DDB1C}.Debug|Any CPU.Build.0 = Debug|Any CPU
		{45B9F9D9-AB0E-4093-A4B5-BD4A640DDB1C}.Release|Any CPU.ActiveCfg = Release|Any CPU
		{45B9F9D9-AB0E-4093-A4B5-BD4A640DDB1C}.Release|Any CPU.Build.0 = Release|Any CPU
	EndGlobalSection
	GlobalSection(SolutionProperties) = preSolution
		HideSolutionNode = FALSE
	EndGlobalSection
	GlobalSection(ExtensibilityGlobals) = postSolution
		SolutionGuid = {C3814F2D-A8FA-4044-A1BE-E89EFDBD6917}
	EndGlobalSection
EndGlobal
